
Microsoft Visual Studio Solution File, Format Version 12.00
# Visual Studio 15
VisualStudioVersion = 15.0.28010.2046
MinimumVisualStudioVersion = 10.0.40219.1
Project("{9A19103F-16F7-4668-BE54-9A1E7A4F7556}") = "MyFinance", "MyFinance\MyFinance.csproj", "{6F1B047B-A285-4F04-B6B1-8B2B38DE505C}"
EndProject
Project("{FAE04EC0-301F-11D3-BF4B-00C04F79EFBC}") = "ProjetoTeste", "ProjetoTeste\ProjetoTeste.csproj", "{4980B1C4-210D-43EB-B916-1EF1270B31C3}"
EndProject
Global
	GlobalSection(SolutionConfigurationPlatforms) = preSolution
		Debug|Any CPU = Debug|Any CPU
		Release|Any CPU = Release|Any CPU
	EndGlobalSection
	GlobalSection(ProjectConfigurationPlatforms) = postSolution
		{6F1B047B-A285-4F04-B6B1-8B2B38DE505C}.Debug|Any CPU.ActiveCfg = Debug|Any CPU
		{6F1B047B-A285-4F04-B6B1-8B2B38DE505C}.Debug|Any CPU.Build.0 = Debug|Any CPU
		{6F1B047B-A285-4F04-B6B1-8B2B38DE505C}.Release|Any CPU.ActiveCfg = Release|Any CPU
		{6F1B047B-A285-4F04-B6B1-8B2B38DE505C}.Release|Any CPU.Build.0 = Release|Any CPU
		{4980B1C4-210D-43EB-B916-1EF1270B31C3}.Debug|Any CPU.ActiveCfg = Debug|Any CPU
		{4980B1C4-210D-43EB-B916-1EF1270B31C3}.Debug|Any CPU.Build.0 = Debug|Any CPU
		{4980B1C4-210D-43EB-B916-1EF1270B31C3}.Release|Any CPU.ActiveCfg = Release|Any CPU
		{4980B1C4-210D-43EB-B916-1EF1270B31C3}.Release|Any CPU.Build.0 = Release|Any CPU
	EndGlobalSection
	GlobalSection(SolutionProperties) = preSolution
		HideSolutionNode = FALSE
	EndGlobalSection
	GlobalSection(ExtensibilityGlobals) = postSolution
		SolutionGuid = {25647200-8598-4689-9FFB-708F1B54EC53}
	EndGlobalSection
EndGlobal
